// !$*UTF8*$!
{
	archiveVersion = 1;
	classes = {
	};
	objectVersion = 55;
	objects = {

/* Begin PBXBuildFile section */
		CAED127A283D443400004CDF /* iOS_ChallengeApp.swift in Sources */ = {isa = PBXBuildFile; fileRef = CAED1279283D443400004CDF /* iOS_ChallengeApp.swift */; };
		CAED127C283D443400004CDF /* ContentView.swift in Sources */ = {isa = PBXBuildFile; fileRef = CAED127B283D443400004CDF /* ContentView.swift */; };
		CAED127E283D443600004CDF /* Assets.xcassets in Resources */ = {isa = PBXBuildFile; fileRef = CAED127D283D443600004CDF /* Assets.xcassets */; };
		CAED1281283D443600004CDF /* Preview Assets.xcassets in Resources */ = {isa = PBXBuildFile; fileRef = CAED1280283D443600004CDF /* Preview Assets.xcassets */; };
		CAED128B283D443600004CDF /* iOS_ChallengeTests.swift in Sources */ = {isa = PBXBuildFile; fileRef = CAED128A283D443600004CDF /* iOS_ChallengeTests.swift */; };
		CAED1295283D443600004CDF /* iOS_ChallengeUITests.swift in Sources */ = {isa = PBXBuildFile; fileRef = CAED1294283D443600004CDF /* iOS_ChallengeUITests.swift */; };
		CAED1297283D443600004CDF /* iOS_ChallengeUITestsLaunchTests.swift in Sources */ = {isa = PBXBuildFile; fileRef = CAED1296283D443600004CDF /* iOS_ChallengeUITestsLaunchTests.swift */; };
		CAED12A4283D448C00004CDF /* AlbumViewModel.swift in Sources */ = {isa = PBXBuildFile; fileRef = CAED12A3283D448C00004CDF /* AlbumViewModel.swift */; };
		CAED12A7283D488800004CDF /* SwiftyJSON in Frameworks */ = {isa = PBXBuildFile; productRef = CAED12A6283D488800004CDF /* SwiftyJSON */; };
		CAED12A9283D54B700004CDF /* AlbumDetailView.swift in Sources */ = {isa = PBXBuildFile; fileRef = CAED12A8283D54B700004CDF /* AlbumDetailView.swift */; };
		CAED12AB283D566D00004CDF /* AlbumRow.swift in Sources */ = {isa = PBXBuildFile; fileRef = CAED12AA283D566D00004CDF /* AlbumRow.swift */; };
		CAED12AD283D569400004CDF /* Styles.swift in Sources */ = {isa = PBXBuildFile; fileRef = CAED12AC283D569400004CDF /* Styles.swift */; };
		CAED12B3283D6BA400004CDF /* Localizable.strings in Resources */ = {isa = PBXBuildFile; fileRef = CAED12B5283D6BA400004CDF /* Localizable.strings */; };
		CAED12B8283D7E0D00004CDF /* AlbumMiscInfoItem.swift in Sources */ = {isa = PBXBuildFile; fileRef = CAED12B7283D7E0D00004CDF /* AlbumMiscInfoItem.swift */; };
		CAED12BA283D7E2800004CDF /* AlbumLinksItem.swift in Sources */ = {isa = PBXBuildFile; fileRef = CAED12B9283D7E2800004CDF /* AlbumLinksItem.swift */; };
		CAED12BC283D7E3D00004CDF /* AlbumMainInfoItem.swift in Sources */ = {isa = PBXBuildFile; fileRef = CAED12BB283D7E3D00004CDF /* AlbumMainInfoItem.swift */; };
		CAED12BE283D7F7500004CDF /* Result+Album.swift in Sources */ = {isa = PBXBuildFile; fileRef = CAED12BD283D7F7500004CDF /* Result+Album.swift */; };
/* End PBXBuildFile section */

/* Begin PBXContainerItemProxy section */
		CAED1287283D443600004CDF /* PBXContainerItemProxy */ = {
			isa = PBXContainerItemProxy;
			containerPortal = CAED126E283D443400004CDF /* Project object */;
			proxyType = 1;
			remoteGlobalIDString = CAED1275283D443400004CDF;
			remoteInfo = iOS_Challenge;
		};
		CAED1291283D443600004CDF /* PBXContainerItemProxy */ = {
			isa = PBXContainerItemProxy;
			containerPortal = CAED126E283D443400004CDF /* Project object */;
			proxyType = 1;
			remoteGlobalIDString = CAED1275283D443400004CDF;
			remoteInfo = iOS_Challenge;
		};
/* End PBXContainerItemProxy section */

/* Begin PBXFileReference section */
		CAED1276283D443400004CDF /* iOS_Challenge.app */ = {isa = PBXFileReference; explicitFileType = wrapper.application; includeInIndex = 0; path = iOS_Challenge.app; sourceTree = BUILT_PRODUCTS_DIR; };
		CAED1279283D443400004CDF /* iOS_ChallengeApp.swift */ = {isa = PBXFileReference; lastKnownFileType = sourcecode.swift; path = iOS_ChallengeApp.swift; sourceTree = "<group>"; };
		CAED127B283D443400004CDF /* ContentView.swift */ = {isa = PBXFileReference; lastKnownFileType = sourcecode.swift; path = ContentView.swift; sourceTree = "<group>"; };
		CAED127D283D443600004CDF /* Assets.xcassets */ = {isa = PBXFileReference; lastKnownFileType = folder.assetcatalog; path = Assets.xcassets; sourceTree = "<group>"; };
		CAED1280283D443600004CDF /* Preview Assets.xcassets */ = {isa = PBXFileReference; lastKnownFileType = folder.assetcatalog; path = "Preview Assets.xcassets"; sourceTree = "<group>"; };
		CAED1286283D443600004CDF /* iOS_ChallengeTests.xctest */ = {isa = PBXFileReference; explicitFileType = wrapper.cfbundle; includeInIndex = 0; path = iOS_ChallengeTests.xctest; sourceTree = BUILT_PRODUCTS_DIR; };
		CAED128A283D443600004CDF /* iOS_ChallengeTests.swift */ = {isa = PBXFileReference; lastKnownFileType = sourcecode.swift; path = iOS_ChallengeTests.swift; sourceTree = "<group>"; };
		CAED1290283D443600004CDF /* iOS_ChallengeUITests.xctest */ = {isa = PBXFileReference; explicitFileType = wrapper.cfbundle; includeInIndex = 0; path = iOS_ChallengeUITests.xctest; sourceTree = BUILT_PRODUCTS_DIR; };
		CAED1294283D443600004CDF /* iOS_ChallengeUITests.swift */ = {isa = PBXFileReference; lastKnownFileType = sourcecode.swift; path = iOS_ChallengeUITests.swift; sourceTree = "<group>"; };
		CAED1296283D443600004CDF /* iOS_ChallengeUITestsLaunchTests.swift */ = {isa = PBXFileReference; lastKnownFileType = sourcecode.swift; path = iOS_ChallengeUITestsLaunchTests.swift; sourceTree = "<group>"; };
		CAED12A3283D448C00004CDF /* AlbumViewModel.swift */ = {isa = PBXFileReference; lastKnownFileType = sourcecode.swift; path = AlbumViewModel.swift; sourceTree = "<group>"; };
		CAED12A8283D54B700004CDF /* AlbumDetailView.swift */ = {isa = PBXFileReference; lastKnownFileType = sourcecode.swift; path = AlbumDetailView.swift; sourceTree = "<group>"; usesTabs = 0; };
		CAED12AA283D566D00004CDF /* AlbumRow.swift */ = {isa = PBXFileReference; lastKnownFileType = sourcecode.swift; path = AlbumRow.swift; sourceTree = "<group>"; };
		CAED12AC283D569400004CDF /* Styles.swift */ = {isa = PBXFileReference; lastKnownFileType = sourcecode.swift; path = Styles.swift; sourceTree = "<group>"; };
		CAED12B4283D6BA400004CDF /* en */ = {isa = PBXFileReference; lastKnownFileType = text.plist.strings; name = en; path = en.lproj/Localizable.strings; sourceTree = "<group>"; };
		CAED12B6283D6BC700004CDF /* es */ = {isa = PBXFileReference; lastKnownFileType = text.plist.strings; name = es; path = es.lproj/Localizable.strings; sourceTree = "<group>"; };
		CAED12B7283D7E0D00004CDF /* AlbumMiscInfoItem.swift */ = {isa = PBXFileReference; lastKnownFileType = sourcecode.swift; path = AlbumMiscInfoItem.swift; sourceTree = "<group>"; };
		CAED12B9283D7E2800004CDF /* AlbumLinksItem.swift */ = {isa = PBXFileReference; lastKnownFileType = sourcecode.swift; path = AlbumLinksItem.swift; sourceTree = "<group>"; };
		CAED12BB283D7E3D00004CDF /* AlbumMainInfoItem.swift */ = {isa = PBXFileReference; lastKnownFileType = sourcecode.swift; path = AlbumMainInfoItem.swift; sourceTree = "<group>"; };
		CAED12BD283D7F7500004CDF /* Result+Album.swift */ = {isa = PBXFileReference; lastKnownFileType = sourcecode.swift; path = "Result+Album.swift"; sourceTree = "<group>"; };
/* End PBXFileReference section */

/* Begin PBXFrameworksBuildPhase section */
		CAED1273283D443400004CDF /* Frameworks */ = {
			isa = PBXFrameworksBuildPhase;
			buildActionMask = 2147483647;
			files = (
				CAED12A7283D488800004CDF /* SwiftyJSON in Frameworks */,
			);
			runOnlyForDeploymentPostprocessing = 0;
		};
		CAED1283283D443600004CDF /* Frameworks */ = {
			isa = PBXFrameworksBuildPhase;
			buildActionMask = 2147483647;
			files = (
			);
			runOnlyForDeploymentPostprocessing = 0;
		};
		CAED128D283D443600004CDF /* Frameworks */ = {
			isa = PBXFrameworksBuildPhase;
			buildActionMask = 2147483647;
			files = (
			);
			runOnlyForDeploymentPostprocessing = 0;
		};
/* End PBXFrameworksBuildPhase section */

/* Begin PBXGroup section */
		CAED126D283D443400004CDF = {
			isa = PBXGroup;
			children = (
				CAED1278283D443400004CDF /* iOS_Challenge */,
				CAED1289283D443600004CDF /* iOS_ChallengeTests */,
				CAED1293283D443600004CDF /* iOS_ChallengeUITests */,
				CAED1277283D443400004CDF /* Products */,
			);
			sourceTree = "<group>";
		};
		CAED1277283D443400004CDF /* Products */ = {
			isa = PBXGroup;
			children = (
				CAED1276283D443400004CDF /* iOS_Challenge.app */,
				CAED1286283D443600004CDF /* iOS_ChallengeTests.xctest */,
				CAED1290283D443600004CDF /* iOS_ChallengeUITests.xctest */,
			);
			name = Products;
			sourceTree = "<group>";
		};
		CAED1278283D443400004CDF /* iOS_Challenge */ = {
			isa = PBXGroup;
			children = (
				CAED1279283D443400004CDF /* iOS_ChallengeApp.swift */,
				CAED12AE283D5CD700004CDF /* Models */,
				CAED12AF283D5CEC00004CDF /* Views */,
				CAED127D283D443600004CDF /* Assets.xcassets */,
				CAED127F283D443600004CDF /* Preview Content */,
			);
			path = iOS_Challenge;
			sourceTree = "<group>";
		};
		CAED127F283D443600004CDF /* Preview Content */ = {
			isa = PBXGroup;
			children = (
				CAED1280283D443600004CDF /* Preview Assets.xcassets */,
			);
			path = "Preview Content";
			sourceTree = "<group>";
		};
		CAED1289283D443600004CDF /* iOS_ChallengeTests */ = {
			isa = PBXGroup;
			children = (
				CAED128A283D443600004CDF /* iOS_ChallengeTests.swift */,
			);
			path = iOS_ChallengeTests;
			sourceTree = "<group>";
		};
		CAED1293283D443600004CDF /* iOS_ChallengeUITests */ = {
			isa = PBXGroup;
			children = (
				CAED1294283D443600004CDF /* iOS_ChallengeUITests.swift */,
				CAED1296283D443600004CDF /* iOS_ChallengeUITestsLaunchTests.swift */,
			);
			path = iOS_ChallengeUITests;
			sourceTree = "<group>";
		};
		CAED12AE283D5CD700004CDF /* Models */ = {
			isa = PBXGroup;
			children = (
				CAED12AC283D569400004CDF /* Styles.swift */,
				CAED12BD283D7F7500004CDF /* Result+Album.swift */,
				CAED12A3283D448C00004CDF /* AlbumViewModel.swift */,
				CAED12B5283D6BA400004CDF /* Localizable.strings */,
			);
			path = Models;
			sourceTree = "<group>";
		};
		CAED12AF283D5CEC00004CDF /* Views */ = {
			isa = PBXGroup;
			children = (
				CAED127B283D443400004CDF /* ContentView.swift */,
				CAED12A8283D54B700004CDF /* AlbumDetailView.swift */,
				CAED12B0283D5CF600004CDF /* Items */,
			);
			path = Views;
			sourceTree = "<group>";
		};
		CAED12B0283D5CF600004CDF /* Items */ = {
			isa = PBXGroup;
			children = (
				CAED12AA283D566D00004CDF /* AlbumRow.swift */,
				CAED12BB283D7E3D00004CDF /* AlbumMainInfoItem.swift */,
				CAED12B9283D7E2800004CDF /* AlbumLinksItem.swift */,
				CAED12B7283D7E0D00004CDF /* AlbumMiscInfoItem.swift */,
			);
			path = Items;
			sourceTree = "<group>";
		};
/* End PBXGroup section */

/* Begin PBXNativeTarget section */
		CAED1275283D443400004CDF /* iOS_Challenge */ = {
			isa = PBXNativeTarget;
			buildConfigurationList = CAED129A283D443600004CDF /* Build configuration list for PBXNativeTarget "iOS_Challenge" */;
			buildPhases = (
				CAED1272283D443400004CDF /* Sources */,
				CAED1273283D443400004CDF /* Frameworks */,
				CAED1274283D443400004CDF /* Resources */,
			);
			buildRules = (
			);
			dependencies = (
			);
			name = iOS_Challenge;
			packageProductDependencies = (
				CAED12A6283D488800004CDF /* SwiftyJSON */,
			);
			productName = iOS_Challenge;
			productReference = CAED1276283D443400004CDF /* iOS_Challenge.app */;
			productType = "com.apple.product-type.application";
		};
		CAED1285283D443600004CDF /* iOS_ChallengeTests */ = {
			isa = PBXNativeTarget;
			buildConfigurationList = CAED129D283D443600004CDF /* Build configuration list for PBXNativeTarget "iOS_ChallengeTests" */;
			buildPhases = (
				CAED1282283D443600004CDF /* Sources */,
				CAED1283283D443600004CDF /* Frameworks */,
				CAED1284283D443600004CDF /* Resources */,
			);
			buildRules = (
			);
			dependencies = (
				CAED1288283D443600004CDF /* PBXTargetDependency */,
			);
			name = iOS_ChallengeTests;
			productName = iOS_ChallengeTests;
			productReference = CAED1286283D443600004CDF /* iOS_ChallengeTests.xctest */;
			productType = "com.apple.product-type.bundle.unit-test";
		};
		CAED128F283D443600004CDF /* iOS_ChallengeUITests */ = {
			isa = PBXNativeTarget;
			buildConfigurationList = CAED12A0283D443600004CDF /* Build configuration list for PBXNativeTarget "iOS_ChallengeUITests" */;
			buildPhases = (
				CAED128C283D443600004CDF /* Sources */,
				CAED128D283D443600004CDF /* Frameworks */,
				CAED128E283D443600004CDF /* Resources */,
			);
			buildRules = (
			);
			dependencies = (
				CAED1292283D443600004CDF /* PBXTargetDependency */,
			);
			name = iOS_ChallengeUITests;
			productName = iOS_ChallengeUITests;
			productReference = CAED1290283D443600004CDF /* iOS_ChallengeUITests.xctest */;
			productType = "com.apple.product-type.bundle.ui-testing";
		};
/* End PBXNativeTarget section */

/* Begin PBXProject section */
		CAED126E283D443400004CDF /* Project object */ = {
			isa = PBXProject;
			attributes = {
				BuildIndependentTargetsInParallel = 1;
				LastSwiftUpdateCheck = 1340;
				LastUpgradeCheck = 1340;
				TargetAttributes = {
					CAED1275283D443400004CDF = {
						CreatedOnToolsVersion = 13.4;
					};
					CAED1285283D443600004CDF = {
						CreatedOnToolsVersion = 13.4;
						TestTargetID = CAED1275283D443400004CDF;
					};
					CAED128F283D443600004CDF = {
						CreatedOnToolsVersion = 13.4;
						TestTargetID = CAED1275283D443400004CDF;
					};
				};
			};
			buildConfigurationList = CAED1271283D443400004CDF /* Build configuration list for PBXProject "iOS_Challenge" */;
			compatibilityVersion = "Xcode 13.0";
			developmentRegion = en;
			hasScannedForEncodings = 0;
			knownRegions = (
				en,
				Base,
				es,
			);
			mainGroup = CAED126D283D443400004CDF;
			packageReferences = (
				CAED12A5283D488800004CDF /* XCRemoteSwiftPackageReference "SwiftyJSON" */,
			);
			productRefGroup = CAED1277283D443400004CDF /* Products */;
			projectDirPath = "";
			projectRoot = "";
			targets = (
				CAED1275283D443400004CDF /* iOS_Challenge */,
				CAED1285283D443600004CDF /* iOS_ChallengeTests */,
				CAED128F283D443600004CDF /* iOS_ChallengeUITests */,
			);
		};
/* End PBXProject section */

/* Begin PBXResourcesBuildPhase section */
		CAED1274283D443400004CDF /* Resources */ = {
			isa = PBXResourcesBuildPhase;
			buildActionMask = 2147483647;
			files = (
				CAED1281283D443600004CDF /* Preview Assets.xcassets in Resources */,
				CAED12B3283D6BA400004CDF /* Localizable.strings in Resources */,
				CAED127E283D443600004CDF /* Assets.xcassets in Resources */,
			);
			runOnlyForDeploymentPostprocessing = 0;
		};
		CAED1284283D443600004CDF /* Resources */ = {
			isa = PBXResourcesBuildPhase;
			buildActionMask = 2147483647;
			files = (
			);
			runOnlyForDeploymentPostprocessing = 0;
		};
		CAED128E283D443600004CDF /* Resources */ = {
			isa = PBXResourcesBuildPhase;
			buildActionMask = 2147483647;
			files = (
			);
			runOnlyForDeploymentPostprocessing = 0;
		};
/* End PBXResourcesBuildPhase section */

/* Begin PBXSourcesBuildPhase section */
		CAED1272283D443400004CDF /* Sources */ = {
			isa = PBXSourcesBuildPhase;
			buildActionMask = 2147483647;
			files = (
				CAED12BA283D7E2800004CDF /* AlbumLinksItem.swift in Sources */,
				CAED12A4283D448C00004CDF /* AlbumViewModel.swift in Sources */,
				CAED12BC283D7E3D00004CDF /* AlbumMainInfoItem.swift in Sources */,
				CAED127C283D443400004CDF /* ContentView.swift in Sources */,
				CAED12AB283D566D00004CDF /* AlbumRow.swift in Sources */,
				CAED12AD283D569400004CDF /* Styles.swift in Sources */,
				CAED12BE283D7F7500004CDF /* Result+Album.swift in Sources */,
				CAED127A283D443400004CDF /* iOS_ChallengeApp.swift in Sources */,
				CAED12A9283D54B700004CDF /* AlbumDetailView.swift in Sources */,
				CAED12B8283D7E0D00004CDF /* AlbumMiscInfoItem.swift in Sources */,
			);
			runOnlyForDeploymentPostprocessing = 0;
		};
		CAED1282283D443600004CDF /* Sources */ = {
			isa = PBXSourcesBuildPhase;
			buildActionMask = 2147483647;
			files = (
				CAED128B283D443600004CDF /* iOS_ChallengeTests.swift in Sources */,
			);
			runOnlyForDeploymentPostprocessing = 0;
		};
		CAED128C283D443600004CDF /* Sources */ = {
			isa = PBXSourcesBuildPhase;
			buildActionMask = 2147483647;
			files = (
				CAED1297283D443600004CDF /* iOS_ChallengeUITestsLaunchTests.swift in Sources */,
				CAED1295283D443600004CDF /* iOS_ChallengeUITests.swift in Sources */,
			);
			runOnlyForDeploymentPostprocessing = 0;
		};
/* End PBXSourcesBuildPhase section */

/* Begin PBXTargetDependency section */
		CAED1288283D443600004CDF /* PBXTargetDependency */ = {
			isa = PBXTargetDependency;
			target = CAED1275283D443400004CDF /* iOS_Challenge */;
			targetProxy = CAED1287283D443600004CDF /* PBXContainerItemProxy */;
		};
		CAED1292283D443600004CDF /* PBXTargetDependency */ = {
			isa = PBXTargetDependency;
			target = CAED1275283D443400004CDF /* iOS_Challenge */;
			targetProxy = CAED1291283D443600004CDF /* PBXContainerItemProxy */;
		};
/* End PBXTargetDependency section */

/* Begin PBXVariantGroup section */
		CAED12B5283D6BA400004CDF /* Localizable.strings */ = {
			isa = PBXVariantGroup;
			children = (
				CAED12B4283D6BA400004CDF /* en */,
				CAED12B6283D6BC700004CDF /* es */,
			);
			name = Localizable.strings;
			sourceTree = "<group>";
		};
/* End PBXVariantGroup section */

/* Begin XCBuildConfiguration section */
		CAED1298283D443600004CDF /* Debug */ = {
			isa = XCBuildConfiguration;
			buildSettings = {
				ALWAYS_SEARCH_USER_PATHS = NO;
				CLANG_ANALYZER_LOCALIZABILITY_NONLOCALIZED = YES;
				CLANG_ANALYZER_NONNULL = YES;
				CLANG_ANALYZER_NUMBER_OBJECT_CONVERSION = YES_AGGRESSIVE;
				CLANG_CXX_LANGUAGE_STANDARD = "gnu++17";
				CLANG_ENABLE_MODULES = YES;
				CLANG_ENABLE_OBJC_ARC = YES;
				CLANG_ENABLE_OBJC_WEAK = YES;
				CLANG_WARN_BLOCK_CAPTURE_AUTORELEASING = YES;
				CLANG_WARN_BOOL_CONVERSION = YES;
				CLANG_WARN_COMMA = YES;
				CLANG_WARN_CONSTANT_CONVERSION = YES;
				CLANG_WARN_DEPRECATED_OBJC_IMPLEMENTATIONS = YES;
				CLANG_WARN_DIRECT_OBJC_ISA_USAGE = YES_ERROR;
				CLANG_WARN_DOCUMENTATION_COMMENTS = YES;
				CLANG_WARN_EMPTY_BODY = YES;
				CLANG_WARN_ENUM_CONVERSION = YES;
				CLANG_WARN_INFINITE_RECURSION = YES;
				CLANG_WARN_INT_CONVERSION = YES;
				CLANG_WARN_NON_LITERAL_NULL_CONVERSION = YES;
				CLANG_WARN_OBJC_IMPLICIT_RETAIN_SELF = YES;
				CLANG_WARN_OBJC_LITERAL_CONVERSION = YES;
				CLANG_WARN_OBJC_ROOT_CLASS = YES_ERROR;
				CLANG_WARN_QUOTED_INCLUDE_IN_FRAMEWORK_HEADER = YES;
				CLANG_WARN_RANGE_LOOP_ANALYSIS = YES;
				CLANG_WARN_STRICT_PROTOTYPES = YES;
				CLANG_WARN_SUSPICIOUS_MOVE = YES;
				CLANG_WARN_UNGUARDED_AVAILABILITY = YES_AGGRESSIVE;
				CLANG_WARN_UNREACHABLE_CODE = YES;
				CLANG_WARN__DUPLICATE_METHOD_MATCH = YES;
				COPY_PHASE_STRIP = NO;
				DEBUG_INFORMATION_FORMAT = dwarf;
				ENABLE_STRICT_OBJC_MSGSEND = YES;
				ENABLE_TESTABILITY = YES;
				GCC_C_LANGUAGE_STANDARD = gnu11;
				GCC_DYNAMIC_NO_PIC = NO;
				GCC_NO_COMMON_BLOCKS = YES;
				GCC_OPTIMIZATION_LEVEL = 0;
				GCC_PREPROCESSOR_DEFINITIONS = (
					"DEBUG=1",
					"$(inherited)",
				);
				GCC_WARN_64_TO_32_BIT_CONVERSION = YES;
				GCC_WARN_ABOUT_RETURN_TYPE = YES_ERROR;
				GCC_WARN_UNDECLARED_SELECTOR = YES;
				GCC_WARN_UNINITIALIZED_AUTOS = YES_AGGRESSIVE;
				GCC_WARN_UNUSED_FUNCTION = YES;
				GCC_WARN_UNUSED_VARIABLE = YES;
				IPHONEOS_DEPLOYMENT_TARGET = 15.5;
				MTL_ENABLE_DEBUG_INFO = INCLUDE_SOURCE;
				MTL_FAST_MATH = YES;
				ONLY_ACTIVE_ARCH = YES;
				SDKROOT = iphoneos;
				SWIFT_ACTIVE_COMPILATION_CONDITIONS = DEBUG;
				SWIFT_OPTIMIZATION_LEVEL = "-Onone";
			};
			name = Debug;
		};
		CAED1299283D443600004CDF /* Release */ = {
			isa = XCBuildConfiguration;
			buildSettings = {
				ALWAYS_SEARCH_USER_PATHS = NO;
				CLANG_ANALYZER_LOCALIZABILITY_NONLOCALIZED = YES;
				CLANG_ANALYZER_NONNULL = YES;
				CLANG_ANALYZER_NUMBER_OBJECT_CONVERSION = YES_AGGRESSIVE;
				CLANG_CXX_LANGUAGE_STANDARD = "gnu++17";
				CLANG_ENABLE_MODULES = YES;
				CLANG_ENABLE_OBJC_ARC = YES;
				CLANG_ENABLE_OBJC_WEAK = YES;
				CLANG_WARN_BLOCK_CAPTURE_AUTORELEASING = YES;
				CLANG_WARN_BOOL_CONVERSION = YES;
				CLANG_WARN_COMMA = YES;
				CLANG_WARN_CONSTANT_CONVERSION = YES;
				CLANG_WARN_DEPRECATED_OBJC_IMPLEMENTATIONS = YES;
				CLANG_WARN_DIRECT_OBJC_ISA_USAGE = YES_ERROR;
				CLANG_WARN_DOCUMENTATION_COMMENTS = YES;
				CLANG_WARN_EMPTY_BODY = YES;
				CLANG_WARN_ENUM_CONVERSION = YES;
				CLANG_WARN_INFINITE_RECURSION = YES;
				CLANG_WARN_INT_CONVERSION = YES;
				CLANG_WARN_NON_LITERAL_NULL_CONVERSION = YES;
				CLANG_WARN_OBJC_IMPLICIT_RETAIN_SELF = YES;
				CLANG_WARN_OBJC_LITERAL_CONVERSION = YES;
				CLANG_WARN_OBJC_ROOT_CLASS = YES_ERROR;
				CLANG_WARN_QUOTED_INCLUDE_IN_FRAMEWORK_HEADER = YES;
				CLANG_WARN_RANGE_LOOP_ANALYSIS = YES;
				CLANG_WARN_STRICT_PROTOTYPES = YES;
				CLANG_WARN_SUSPICIOUS_MOVE = YES;
				CLANG_WARN_UNGUARDED_AVAILABILITY = YES_AGGRESSIVE;
				CLANG_WARN_UNREACHABLE_CODE = YES;
				CLANG_WARN__DUPLICATE_METHOD_MATCH = YES;
				COPY_PHASE_STRIP = NO;
				DEBUG_INFORMATION_FORMAT = "dwarf-with-dsym";
				ENABLE_NS_ASSERTIONS = NO;
				ENABLE_STRICT_OBJC_MSGSEND = YES;
				GCC_C_LANGUAGE_STANDARD = gnu11;
				GCC_NO_COMMON_BLOCKS = YES;
				GCC_WARN_64_TO_32_BIT_CONVERSION = YES;
				GCC_WARN_ABOUT_RETURN_TYPE = YES_ERROR;
				GCC_WARN_UNDECLARED_SELECTOR = YES;
				GCC_WARN_UNINITIALIZED_AUTOS = YES_AGGRESSIVE;
				GCC_WARN_UNUSED_FUNCTION = YES;
				GCC_WARN_UNUSED_VARIABLE = YES;
				IPHONEOS_DEPLOYMENT_TARGET = 15.5;
				MTL_ENABLE_DEBUG_INFO = NO;
				MTL_FAST_MATH = YES;
				SDKROOT = iphoneos;
				SWIFT_COMPILATION_MODE = wholemodule;
				SWIFT_OPTIMIZATION_LEVEL = "-O";
				VALIDATE_PRODUCT = YES;
			};
			name = Release;
		};
		CAED129B283D443600004CDF /* Debug */ = {
			isa = XCBuildConfiguration;
			buildSettings = {
				ASSETCATALOG_COMPILER_APPICON_NAME = AppIcon;
				ASSETCATALOG_COMPILER_GLOBAL_ACCENT_COLOR_NAME = AccentColor;
				CODE_SIGN_STYLE = Automatic;
				CURRENT_PROJECT_VERSION = 1;
				DEVELOPMENT_ASSET_PATHS = "\"iOS_Challenge/Preview Content\"";
				DEVELOPMENT_TEAM = CGKPKQQSW4;
				ENABLE_PREVIEWS = YES;
				GENERATE_INFOPLIST_FILE = YES;
				INFOPLIST_KEY_UIApplicationSceneManifest_Generation = YES;
				INFOPLIST_KEY_UIApplicationSupportsIndirectInputEvents = YES;
				INFOPLIST_KEY_UILaunchScreen_Generation = YES;
				INFOPLIST_KEY_UISupportedInterfaceOrientations_iPad = "UIInterfaceOrientationPortrait UIInterfaceOrientationPortraitUpsideDown UIInterfaceOrientationLandscapeLeft UIInterfaceOrientationLandscapeRight";
				INFOPLIST_KEY_UISupportedInterfaceOrientations_iPhone = "UIInterfaceOrientationPortrait UIInterfaceOrientationLandscapeLeft UIInterfaceOrientationLandscapeRight";
				LD_RUNPATH_SEARCH_PATHS = (
					"$(inherited)",
					"@executable_path/Frameworks",
				);
				MARKETING_VERSION = 1.0;
				PRODUCT_BUNDLE_IDENTIFIER = "com.arturodiaz.iOS-Challenge";
				PRODUCT_NAME = "$(TARGET_NAME)";
				SWIFT_EMIT_LOC_STRINGS = YES;
				SWIFT_VERSION = 5.0;
				TARGETED_DEVICE_FAMILY = "1,2";
			};
			name = Debug;
		};
		CAED129C283D443600004CDF /* Release */ = {
			isa = XCBuildConfiguration;
			buildSettings = {
				ASSETCATALOG_COMPILER_APPICON_NAME = AppIcon;
				ASSETCATALOG_COMPILER_GLOBAL_ACCENT_COLOR_NAME = AccentColor;
				CODE_SIGN_STYLE = Automatic;
				CURRENT_PROJECT_VERSION = 1;
				DEVELOPMENT_ASSET_PATHS = "\"iOS_Challenge/Preview Content\"";
				DEVELOPMENT_TEAM = CGKPKQQSW4;
				ENABLE_PREVIEWS = YES;
				GENERATE_INFOPLIST_FILE = YES;
				INFOPLIST_KEY_UIApplicationSceneManifest_Generation = YES;
				INFOPLIST_KEY_UIApplicationSupportsIndirectInputEvents = YES;
				INFOPLIST_KEY_UILaunchScreen_Generation = YES;
				INFOPLIST_KEY_UISupportedInterfaceOrientations_iPad = "UIInterfaceOrientationPortrait UIInterfaceOrientationPortraitUpsideDown UIInterfaceOrientationLandscapeLeft UIInterfaceOrientationLandscapeRight";
				INFOPLIST_KEY_UISupportedInterfaceOrientations_iPhone = "UIInterfaceOrientationPortrait UIInterfaceOrientationLandscapeLeft UIInterfaceOrientationLandscapeRight";
				LD_RUNPATH_SEARCH_PATHS = (
					"$(inherited)",
					"@executable_path/Frameworks",
				);
				MARKETING_VERSION = 1.0;
				PRODUCT_BUNDLE_IDENTIFIER = "com.arturodiaz.iOS-Challenge";
				PRODUCT_NAME = "$(TARGET_NAME)";
				SWIFT_EMIT_LOC_STRINGS = YES;
				SWIFT_VERSION = 5.0;
				TARGETED_DEVICE_FAMILY = "1,2";
			};
			name = Release;
		};
		CAED129E283D443600004CDF /* Debug */ = {
			isa = XCBuildConfiguration;
			buildSettings = {
				ALWAYS_EMBED_SWIFT_STANDARD_LIBRARIES = YES;
				BUNDLE_LOADER = "$(TEST_HOST)";
				CODE_SIGN_STYLE = Automatic;
				CURRENT_PROJECT_VERSION = 1;
				DEVELOPMENT_TEAM = CGKPKQQSW4;
				GENERATE_INFOPLIST_FILE = YES;
				IPHONEOS_DEPLOYMENT_TARGET = 15.5;
				MARKETING_VERSION = 1.0;
				PRODUCT_BUNDLE_IDENTIFIER = "com.arturodiaz.iOS-ChallengeTests";
				PRODUCT_NAME = "$(TARGET_NAME)";
				SWIFT_EMIT_LOC_STRINGS = NO;
				SWIFT_VERSION = 5.0;
				TARGETED_DEVICE_FAMILY = "1,2";
				TEST_HOST = "$(BUILT_PRODUCTS_DIR)/iOS_Challenge.app/iOS_Challenge";
			};
			name = Debug;
		};
		CAED129F283D443600004CDF /* Release */ = {
			isa = XCBuildConfiguration;
			buildSettings = {
				ALWAYS_EMBED_SWIFT_STANDARD_LIBRARIES = YES;
				BUNDLE_LOADER = "$(TEST_HOST)";
				CODE_SIGN_STYLE = Automatic;
				CURRENT_PROJECT_VERSION = 1;
				DEVELOPMENT_TEAM = CGKPKQQSW4;
				GENERATE_INFOPLIST_FILE = YES;
				IPHONEOS_DEPLOYMENT_TARGET = 15.5;
				MARKETING_VERSION = 1.0;
				PRODUCT_BUNDLE_IDENTIFIER = "com.arturodiaz.iOS-ChallengeTests";
				PRODUCT_NAME = "$(TARGET_NAME)";
				SWIFT_EMIT_LOC_STRINGS = NO;
				SWIFT_VERSION = 5.0;
				TARGETED_DEVICE_FAMILY = "1,2";
				TEST_HOST = "$(BUILT_PRODUCTS_DIR)/iOS_Challenge.app/iOS_Challenge";
			};
			name = Release;
		};
		CAED12A1283D443600004CDF /* Debug */ = {
			isa = XCBuildConfiguration;
			buildSettings = {
				ALWAYS_EMBED_SWIFT_STANDARD_LIBRARIES = YES;
				CODE_SIGN_STYLE = Automatic;
				CURRENT_PROJECT_VERSION = 1;
				DEVELOPMENT_TEAM = CGKPKQQSW4;
				GENERATE_INFOPLIST_FILE = YES;
				MARKETING_VERSION = 1.0;
				PRODUCT_BUNDLE_IDENTIFIER = "com.arturodiaz.iOS-ChallengeUITests";
				PRODUCT_NAME = "$(TARGET_NAME)";
				SWIFT_EMIT_LOC_STRINGS = NO;
				SWIFT_VERSION = 5.0;
				TARGETED_DEVICE_FAMILY = "1,2";
				TEST_TARGET_NAME = iOS_Challenge;
			};
			name = Debug;
		};
		CAED12A2283D443600004CDF /* Release */ = {
			isa = XCBuildConfiguration;
			buildSettings = {
				ALWAYS_EMBED_SWIFT_STANDARD_LIBRARIES = YES;
				CODE_SIGN_STYLE = Automatic;
				CURRENT_PROJECT_VERSION = 1;
				DEVELOPMENT_TEAM = CGKPKQQSW4;
				GENERATE_INFOPLIST_FILE = YES;
				MARKETING_VERSION = 1.0;
				PRODUCT_BUNDLE_IDENTIFIER = "com.arturodiaz.iOS-ChallengeUITests";
				PRODUCT_NAME = "$(TARGET_NAME)";
				SWIFT_EMIT_LOC_STRINGS = NO;
				SWIFT_VERSION = 5.0;
				TARGETED_DEVICE_FAMILY = "1,2";
				TEST_TARGET_NAME = iOS_Challenge;
			};
			name = Release;
		};
/* End XCBuildConfiguration section */

/* Begin XCConfigurationList section */
		CAED1271283D443400004CDF /* Build configuration list for PBXProject "iOS_Challenge" */ = {
			isa = XCConfigurationList;
			buildConfigurations = (
				CAED1298283D443600004CDF /* Debug */,
				CAED1299283D443600004CDF /* Release */,
			);
			defaultConfigurationIsVisible = 0;
			defaultConfigurationName = Release;
		};
		CAED129A283D443600004CDF /* Build configuration list for PBXNativeTarget "iOS_Challenge" */ = {
			isa = XCConfigurationList;
			buildConfigurations = (
				CAED129B283D443600004CDF /* Debug */,
				CAED129C283D443600004CDF /* Release */,
			);
			defaultConfigurationIsVisible = 0;
			defaultConfigurationName = Release;
		};
		CAED129D283D443600004CDF /* Build configuration list for PBXNativeTarget "iOS_ChallengeTests" */ = {
			isa = XCConfigurationList;
			buildConfigurations = (
				CAED129E283D443600004CDF /* Debug */,
				CAED129F283D443600004CDF /* Release */,
			);
			defaultConfigurationIsVisible = 0;
			defaultConfigurationName = Release;
		};
		CAED12A0283D443600004CDF /* Build configuration list for PBXNativeTarget "iOS_ChallengeUITests" */ = {
			isa = XCConfigurationList;
			buildConfigurations = (
				CAED12A1283D443600004CDF /* Debug */,
				CAED12A2283D443600004CDF /* Release */,
			);
			defaultConfigurationIsVisible = 0;
			defaultConfigurationName = Release;
		};
/* End XCConfigurationList section */

/* Begin XCRemoteSwiftPackageReference section */
		CAED12A5283D488800004CDF /* XCRemoteSwiftPackageReference "SwiftyJSON" */ = {
			isa = XCRemoteSwiftPackageReference;
			repositoryURL = "https://github.com/SwiftyJSON/SwiftyJSON.git";
			requirement = {
				kind = upToNextMajorVersion;
				minimumVersion = 5.0.0;
			};
		};
/* End XCRemoteSwiftPackageReference section */

/* Begin XCSwiftPackageProductDependency section */
		CAED12A6283D488800004CDF /* SwiftyJSON */ = {
			isa = XCSwiftPackageProductDependency;
			package = CAED12A5283D488800004CDF /* XCRemoteSwiftPackageReference "SwiftyJSON" */;
			productName = SwiftyJSON;
		};
/* End XCSwiftPackageProductDependency section */
	};
	rootObject = CAED126E283D443400004CDF /* Project object */;
}
